
Microsoft Visual Studio Solution File, Format Version 12.00
# Visual Studio Version 17
VisualStudioVersion = 17.9.34723.18
MinimumVisualStudioVersion = 10.0.40219.1
Project("{9A19103F-16F7-4668-BE54-9A1E7A4F7556}") = "Gestion User", "Gestion User\Gestion User.csproj", "{0B4FB22D-EB74-49D1-976B-537FBEA6B80F}"
EndProject
Project("{9A19103F-16F7-4668-BE54-9A1E7A4F7556}") = "User.Gestion.Service", "User.Gestion.Service\User.Gestion.Service.csproj", "{E608540F-F11C-4767-902A-B18C0F8CD944}"
EndProject
Project("{9A19103F-16F7-4668-BE54-9A1E7A4F7556}") = "User.Gestion.Data", "User.Gestion.Data\User.Gestion.Data.csproj", "{CF2F3478-3A9C-489B-9ABD-53E41D387D57}"
EndProject
Global
	GlobalSection(SolutionConfigurationPlatforms) = preSolution
		Debug|Any CPU = Debug|Any CPU
		Release|Any CPU = Release|Any CPU
	EndGlobalSection
	GlobalSection(ProjectConfigurationPlatforms) = postSolution
		{0B4FB22D-EB74-49D1-976B-537FBEA6B80F}.Debug|Any CPU.ActiveCfg = Debug|Any CPU
		{0B4FB22D-EB74-49D1-976B-537FBEA6B80F}.Debug|Any CPU.Build.0 = Debug|Any CPU
		{0B4FB22D-EB74-49D1-976B-537FBEA6B80F}.Release|Any CPU.ActiveCfg = Release|Any CPU
		{0B4FB22D-EB74-49D1-976B-537FBEA6B80F}.Release|Any CPU.Build.0 = Release|Any CPU
		{E608540F-F11C-4767-902A-B18C0F8CD944}.Debug|Any CPU.ActiveCfg = Debug|Any CPU
		{E608540F-F11C-4767-902A-B18C0F8CD944}.Debug|Any CPU.Build.0 = Debug|Any CPU
		{E608540F-F11C-4767-902A-B18C0F8CD944}.Release|Any CPU.ActiveCfg = Release|Any CPU
		{E608540F-F11C-4767-902A-B18C0F8CD944}.Release|Any CPU.Build.0 = Release|Any CPU
		{CF2F3478-3A9C-489B-9ABD-53E41D387D57}.Debug|Any CPU.ActiveCfg = Debug|Any CPU
		{CF2F3478-3A9C-489B-9ABD-53E41D387D57}.Debug|Any CPU.Build.0 = Debug|Any CPU
		{CF2F3478-3A9C-489B-9ABD-53E41D387D57}.Release|Any CPU.ActiveCfg = Release|Any CPU
		{CF2F3478-3A9C-489B-9ABD-53E41D387D57}.Release|Any CPU.Build.0 = Release|Any CPU
	EndGlobalSection
	GlobalSection(SolutionProperties) = preSolution
		HideSolutionNode = FALSE
	EndGlobalSection
	GlobalSection(ExtensibilityGlobals) = postSolution
		SolutionGuid = {D03E779B-73EC-4939-89A3-80F0CED8BF37}
	EndGlobalSection
EndGlobal
